<?xml version="1.0" encoding="utf-8"?>
<Project ToolsVersion="4.0" xmlns="http://schemas.microsoft.com/developer/msbuild/2003">
  <ItemGroup>
    <ClCompile Include="ConsoleApplication1.cpp">
      <Filter>sources</Filter>
    </ClCompile>
    <ClCompile Include="hamming.cpp">
      <Filter>sources</Filter>
    </ClCompile>
    <ClCompile Include="recursive.cpp">
      <Filter>sources</Filter>
    </ClCompile>
    <ClCompile Include="mixed_function.cpp">
      <Filter>sources</Filter>
    </ClCompile>
    <ClCompile Include="BinaryTree.cpp">
      <Filter>sources</Filter>
    </ClCompile>
    <ClCompile Include="empty.cpp">
      <Filter>sources</Filter>
    </ClCompile>
    <ClCompile Include="GroupAnagram.cpp">
      <Filter>sources</Filter>
    </ClCompile>
    <ClCompile Include="ReservedBit.cpp">
      <Filter>sources</Filter>
    </ClCompile>
    <ClCompile Include="Source.cpp">
      <Filter>sources</Filter>
    </ClCompile>
  </ItemGroup>
  <ItemGroup>
    <ClInclude Include="hamming.h">
      <Filter>headers</Filter>
    </ClInclude>
    <ClInclude Include="recursive.h">
      <Filter>headers</Filter>
    </ClInclude>
    <ClInclude Include="TreeNode.h">
      <Filter>headers</Filter>
    </ClInclude>
    <ClInclude Include="HashTable.h">
      <Filter>headers</Filter>
    </ClInclude>
    <ClInclude Include="Prime.h">
      <Filter>headers</Filter>
    </ClInclude>
    <ClInclude Include="GroupAnagram.h">
      <Filter>headers</Filter>
    </ClInclude>
    <ClInclude Include="BinaryTree.h">
      <Filter>headers</Filter>
    </ClInclude>
    <ClInclude Include="Empty.h">
      <Filter>headers</Filter>
    </ClInclude>
    <ClInclude Include="ReservedBit.h">
      <Filter>headers</Filter>
    </ClInclude>
  </ItemGroup>
  <ItemGroup>
    <Filter Include="sources">
      <UniqueIdentifier>{ae3a5c8a-93b8-4f10-aa2c-5deb186d1a29}</UniqueIdentifier>
    </Filter>
    <Filter Include="headers">
      <UniqueIdentifier>{776046cd-5907-4cbf-be75-d34084929eda}</UniqueIdentifier>
    </Filter>
  </ItemGroup>
</Project>