
Microsoft Visual Studio Solution File, Format Version 12.00
# Visual Studio Version 16
VisualStudioVersion = 16.0.31624.102
MinimumVisualStudioVersion = 10.0.40219.1
Project("{8BC9CEB8-8B4A-11D0-8D11-00A0C91BC942}") = "LeeCode", "LeeCode.vcxproj", "{43B39AD1-3E8B-4E9E-8D4E-1A7E97E91805}"
EndProject
Project("{8BC9CEB8-8B4A-11D0-8D11-00A0C91BC942}") = "TestApp", "TestApp\TestApp.vcxproj", "{9174DC44-561A-4F9A-B77D-25B90515866B}"
EndProject
Project("{8BC9CEB8-8B4A-11D0-8D11-00A0C91BC942}") = "Testapp2", "Project1\Project1.vcxproj", "{A8530CC3-C9A1-478E-BA3C-6151F96D203E}"
EndProject
Project("{8BC9CEB8-8B4A-11D0-8D11-00A0C91BC942}") = "TestApp3", "SampleSnipCodeTester\TestApp3.vcxproj", "{D73CD49F-89F9-4EC5-A146-B5B1E3896E3C}"
EndProject
Project("{8BC9CEB8-8B4A-11D0-8D11-00A0C91BC942}") = "Testapp4", "Testapp4\Testapp4.vcxproj", "{25E9441F-548E-47EA-B0BD-F04FA1942CF2}"
EndProject
Project("{8BC9CEB8-8B4A-11D0-8D11-00A0C91BC942}") = "Test5", "Test5\Test5.vcxproj", "{2A24D1A9-530E-4CE3-B874-409F6204CFBC}"
EndProject
Global
	GlobalSection(SolutionConfigurationPlatforms) = preSolution
		Debug|Any CPU = Debug|Any CPU
		Debug|ARM64 = Debug|ARM64
		Debug|x64 = Debug|x64
		Debug|x86 = Debug|x86
		Release|Any CPU = Release|Any CPU
		Release|ARM64 = Release|ARM64
		Release|x64 = Release|x64
		Release|x86 = Release|x86
	EndGlobalSection
	GlobalSection(ProjectConfigurationPlatforms) = postSolution
		{43B39AD1-3E8B-4E9E-8D4E-1A7E97E91805}.Debug|Any CPU.ActiveCfg = Debug|Win32
		{43B39AD1-3E8B-4E9E-8D4E-1A7E97E91805}.Debug|ARM64.ActiveCfg = Debug|Win32
		{43B39AD1-3E8B-4E9E-8D4E-1A7E97E91805}.Debug|x64.ActiveCfg = Debug|x64
		{43B39AD1-3E8B-4E9E-8D4E-1A7E97E91805}.Debug|x64.Build.0 = Debug|x64
		{43B39AD1-3E8B-4E9E-8D4E-1A7E97E91805}.Debug|x86.ActiveCfg = Debug|Win32
		{43B39AD1-3E8B-4E9E-8D4E-1A7E97E91805}.Debug|x86.Build.0 = Debug|Win32
		{43B39AD1-3E8B-4E9E-8D4E-1A7E97E91805}.Release|Any CPU.ActiveCfg = Release|Win32
		{43B39AD1-3E8B-4E9E-8D4E-1A7E97E91805}.Release|ARM64.ActiveCfg = Release|Win32
		{43B39AD1-3E8B-4E9E-8D4E-1A7E97E91805}.Release|x64.ActiveCfg = Release|x64
		{43B39AD1-3E8B-4E9E-8D4E-1A7E97E91805}.Release|x64.Build.0 = Release|x64
		{43B39AD1-3E8B-4E9E-8D4E-1A7E97E91805}.Release|x86.ActiveCfg = Release|Win32
		{43B39AD1-3E8B-4E9E-8D4E-1A7E97E91805}.Release|x86.Build.0 = Release|Win32
		{9174DC44-561A-4F9A-B77D-25B90515866B}.Debug|Any CPU.ActiveCfg = Debug|Win32
		{9174DC44-561A-4F9A-B77D-25B90515866B}.Debug|ARM64.ActiveCfg = Debug|Win32
		{9174DC44-561A-4F9A-B77D-25B90515866B}.Debug|x64.ActiveCfg = Debug|x64
		{9174DC44-561A-4F9A-B77D-25B90515866B}.Debug|x64.Build.0 = Debug|x64
		{9174DC44-561A-4F9A-B77D-25B90515866B}.Debug|x86.ActiveCfg = Debug|Win32
		{9174DC44-561A-4F9A-B77D-25B90515866B}.Debug|x86.Build.0 = Debug|Win32
		{9174DC44-561A-4F9A-B77D-25B90515866B}.Release|Any CPU.ActiveCfg = Release|Win32
		{9174DC44-561A-4F9A-B77D-25B90515866B}.Release|ARM64.ActiveCfg = Release|Win32
		{9174DC44-561A-4F9A-B77D-25B90515866B}.Release|x64.ActiveCfg = Release|x64
		{9174DC44-561A-4F9A-B77D-25B90515866B}.Release|x64.Build.0 = Release|x64
		{9174DC44-561A-4F9A-B77D-25B90515866B}.Release|x86.ActiveCfg = Release|Win32
		{9174DC44-561A-4F9A-B77D-25B90515866B}.Release|x86.Build.0 = Release|Win32
		{A8530CC3-C9A1-478E-BA3C-6151F96D203E}.Debug|Any CPU.ActiveCfg = Debug|Win32
		{A8530CC3-C9A1-478E-BA3C-6151F96D203E}.Debug|ARM64.ActiveCfg = Debug|Win32
		{A8530CC3-C9A1-478E-BA3C-6151F96D203E}.Debug|x64.ActiveCfg = Debug|x64
		{A8530CC3-C9A1-478E-BA3C-6151F96D203E}.Debug|x64.Build.0 = Debug|x64
		{A8530CC3-C9A1-478E-BA3C-6151F96D203E}.Debug|x86.ActiveCfg = Debug|Win32
		{A8530CC3-C9A1-478E-BA3C-6151F96D203E}.Debug|x86.Build.0 = Debug|Win32
		{A8530CC3-C9A1-478E-BA3C-6151F96D203E}.Release|Any CPU.ActiveCfg = Release|Win32
		{A8530CC3-C9A1-478E-BA3C-6151F96D203E}.Release|ARM64.ActiveCfg = Release|Win32
		{A8530CC3-C9A1-478E-BA3C-6151F96D203E}.Release|x64.ActiveCfg = Release|x64
		{A8530CC3-C9A1-478E-BA3C-6151F96D203E}.Release|x64.Build.0 = Release|x64
		{A8530CC3-C9A1-478E-BA3C-6151F96D203E}.Release|x86.ActiveCfg = Release|Win32
		{A8530CC3-C9A1-478E-BA3C-6151F96D203E}.Release|x86.Build.0 = Release|Win32
		{D73CD49F-89F9-4EC5-A146-B5B1E3896E3C}.Debug|Any CPU.ActiveCfg = Debug|Win32
		{D73CD49F-89F9-4EC5-A146-B5B1E3896E3C}.Debug|ARM64.ActiveCfg = Debug|Win32
		{D73CD49F-89F9-4EC5-A146-B5B1E3896E3C}.Debug|x64.ActiveCfg = Debug|x64
		{D73CD49F-89F9-4EC5-A146-B5B1E3896E3C}.Debug|x64.Build.0 = Debug|x64
		{D73CD49F-89F9-4EC5-A146-B5B1E3896E3C}.Debug|x86.ActiveCfg = Debug|Win32
		{D73CD49F-89F9-4EC5-A146-B5B1E3896E3C}.Debug|x86.Build.0 = Debug|Win32
		{D73CD49F-89F9-4EC5-A146-B5B1E3896E3C}.Release|Any CPU.ActiveCfg = Release|Win32
		{D73CD49F-89F9-4EC5-A146-B5B1E3896E3C}.Release|ARM64.ActiveCfg = Release|Win32
		{D73CD49F-89F9-4EC5-A146-B5B1E3896E3C}.Release|x64.ActiveCfg = Release|x64
		{D73CD49F-89F9-4EC5-A146-B5B1E3896E3C}.Release|x64.Build.0 = Release|x64
		{D73CD49F-89F9-4EC5-A146-B5B1E3896E3C}.Release|x86.ActiveCfg = Release|Win32
		{D73CD49F-89F9-4EC5-A146-B5B1E3896E3C}.Release|x86.Build.0 = Release|Win32
		{25E9441F-548E-47EA-B0BD-F04FA1942CF2}.Debug|Any CPU.ActiveCfg = Debug|Win32
		{25E9441F-548E-47EA-B0BD-F04FA1942CF2}.Debug|ARM64.ActiveCfg = Debug|Win32
		{25E9441F-548E-47EA-B0BD-F04FA1942CF2}.Debug|x64.ActiveCfg = Debug|x64
		{25E9441F-548E-47EA-B0BD-F04FA1942CF2}.Debug|x64.Build.0 = Debug|x64
		{25E9441F-548E-47EA-B0BD-F04FA1942CF2}.Debug|x86.ActiveCfg = Debug|Win32
		{25E9441F-548E-47EA-B0BD-F04FA1942CF2}.Debug|x86.Build.0 = Debug|Win32
		{25E9441F-548E-47EA-B0BD-F04FA1942CF2}.Release|Any CPU.ActiveCfg = Release|Win32
		{25E9441F-548E-47EA-B0BD-F04FA1942CF2}.Release|ARM64.ActiveCfg = Release|Win32
		{25E9441F-548E-47EA-B0BD-F04FA1942CF2}.Release|x64.ActiveCfg = Release|x64
		{25E9441F-548E-47EA-B0BD-F04FA1942CF2}.Release|x64.Build.0 = Release|x64
		{25E9441F-548E-47EA-B0BD-F04FA1942CF2}.Release|x86.ActiveCfg = Release|Win32
		{25E9441F-548E-47EA-B0BD-F04FA1942CF2}.Release|x86.Build.0 = Release|Win32
		{2A24D1A9-530E-4CE3-B874-409F6204CFBC}.Debug|Any CPU.ActiveCfg = Debug|Win32
		{2A24D1A9-530E-4CE3-B874-409F6204CFBC}.Debug|ARM64.ActiveCfg = Debug|Win32
		{2A24D1A9-530E-4CE3-B874-409F6204CFBC}.Debug|x64.ActiveCfg = Debug|x64
		{2A24D1A9-530E-4CE3-B874-409F6204CFBC}.Debug|x64.Build.0 = Debug|x64
		{2A24D1A9-530E-4CE3-B874-409F6204CFBC}.Debug|x86.ActiveCfg = Debug|Win32
		{2A24D1A9-530E-4CE3-B874-409F6204CFBC}.Debug|x86.Build.0 = Debug|Win32
		{2A24D1A9-530E-4CE3-B874-409F6204CFBC}.Release|Any CPU.ActiveCfg = Release|Win32
		{2A24D1A9-530E-4CE3-B874-409F6204CFBC}.Release|ARM64.ActiveCfg = Release|Win32
		{2A24D1A9-530E-4CE3-B874-409F6204CFBC}.Release|x64.ActiveCfg = Release|x64
		{2A24D1A9-530E-4CE3-B874-409F6204CFBC}.Release|x64.Build.0 = Release|x64
		{2A24D1A9-530E-4CE3-B874-409F6204CFBC}.Release|x86.ActiveCfg = Release|Win32
		{2A24D1A9-530E-4CE3-B874-409F6204CFBC}.Release|x86.Build.0 = Release|Win32
	EndGlobalSection
	GlobalSection(SolutionProperties) = preSolution
		HideSolutionNode = FALSE
	EndGlobalSection
	GlobalSection(ExtensibilityGlobals) = postSolution
		SolutionGuid = {75CFC4EE-EEB7-44CA-B27D-F995C44DA9A2}
	EndGlobalSection
EndGlobal
